
Microsoft Visual Studio Solution File, Format Version 12.00
# Visual Studio Version 17
VisualStudioVersion = 17.11.35219.272
MinimumVisualStudioVersion = 10.0.40219.1
Project("{FAE04EC0-301F-11D3-BF4B-00C04F79EFBC}") = "EjemplosHILE", "EjemplosHILE\EjemplosHILE.csproj", "{9FFE3DDF-869F-4D64-83CE-133744801C42}"
EndProject
Global
	GlobalSection(SolutionConfigurationPlatforms) = preSolution
		Debug|Any CPU = Debug|Any CPU
		Release|Any CPU = Release|Any CPU
	EndGlobalSection
	GlobalSection(ProjectConfigurationPlatforms) = postSolution
		{9FFE3DDF-869F-4D64-83CE-133744801C42}.Debug|Any CPU.ActiveCfg = Debug|Any CPU
		{9FFE3DDF-869F-4D64-83CE-133744801C42}.Debug|Any CPU.Build.0 = Debug|Any CPU
		{9FFE3DDF-869F-4D64-83CE-133744801C42}.Release|Any CPU.ActiveCfg = Release|Any CPU
		{9FFE3DDF-869F-4D64-83CE-133744801C42}.Release|Any CPU.Build.0 = Release|Any CPU
	EndGlobalSection
	GlobalSection(SolutionProperties) = preSolution
		HideSolutionNode = FALSE
	EndGlobalSection
	GlobalSection(ExtensibilityGlobals) = postSolution
		SolutionGuid = {2F21AC54-70D5-4D2F-93E6-61B7DE58CD94}
	EndGlobalSection
EndGlobal
